
Microsoft Visual Studio Solution File, Format Version 12.00
# Visual Studio Version 17
VisualStudioVersion = 17.6.33801.468
MinimumVisualStudioVersion = 10.0.40219.1
Project("{9A19103F-16F7-4668-BE54-9A1E7A4F7556}") = "Zoo", "Zoo.csproj", "{AB3FF973-E391-46FA-8BF8-12F7C5FB535B}"
EndProject
Global
	GlobalSection(SolutionConfigurationPlatforms) = preSolution
		Debug|Any CPU = Debug|Any CPU
		Release|Any CPU = Release|Any CPU
	EndGlobalSection
	GlobalSection(ProjectConfigurationPlatforms) = postSolution
		{AB3FF973-E391-46FA-8BF8-12F7C5FB535B}.Debug|Any CPU.ActiveCfg = Debug|Any CPU
		{AB3FF973-E391-46FA-8BF8-12F7C5FB535B}.Debug|Any CPU.Build.0 = Debug|Any CPU
		{AB3FF973-E391-46FA-8BF8-12F7C5FB535B}.Release|Any CPU.ActiveCfg = Release|Any CPU
		{AB3FF973-E391-46FA-8BF8-12F7C5FB535B}.Release|Any CPU.Build.0 = Release|Any CPU
	EndGlobalSection
	GlobalSection(SolutionProperties) = preSolution
		HideSolutionNode = FALSE
	EndGlobalSection
	GlobalSection(ExtensibilityGlobals) = postSolution
		SolutionGuid = {D07768AE-FD4D-4AF3-95B6-3B16F5F29B00}
	EndGlobalSection
EndGlobal
