
Microsoft Visual Studio Solution File, Format Version 12.00
# Visual Studio Version 17
VisualStudioVersion = 17.6.33801.468
MinimumVisualStudioVersion = 10.0.40219.1
Project("{9A19103F-16F7-4668-BE54-9A1E7A4F7556}") = "04.PizzaCalories", "04.PizzaCalories.csproj", "{F66F012C-0E77-48B1-9528-AE24FECB8229}"
EndProject
Global
	GlobalSection(SolutionConfigurationPlatforms) = preSolution
		Debug|Any CPU = Debug|Any CPU
		Release|Any CPU = Release|Any CPU
	EndGlobalSection
	GlobalSection(ProjectConfigurationPlatforms) = postSolution
		{F66F012C-0E77-48B1-9528-AE24FECB8229}.Debug|Any CPU.ActiveCfg = Debug|Any CPU
		{F66F012C-0E77-48B1-9528-AE24FECB8229}.Debug|Any CPU.Build.0 = Debug|Any CPU
		{F66F012C-0E77-48B1-9528-AE24FECB8229}.Release|Any CPU.ActiveCfg = Release|Any CPU
		{F66F012C-0E77-48B1-9528-AE24FECB8229}.Release|Any CPU.Build.0 = Release|Any CPU
	EndGlobalSection
	GlobalSection(SolutionProperties) = preSolution
		HideSolutionNode = FALSE
	EndGlobalSection
	GlobalSection(ExtensibilityGlobals) = postSolution
		SolutionGuid = {5056BFF5-0A5B-4AD0-AC1D-20565AADAC05}
	EndGlobalSection
EndGlobal
