
Microsoft Visual Studio Solution File, Format Version 12.00
# Visual Studio Version 17
VisualStudioVersion = 17.6.33801.468
MinimumVisualStudioVersion = 10.0.40219.1
Project("{9A19103F-16F7-4668-BE54-9A1E7A4F7556}") = "Restaurant", "Restaurant.csproj", "{4DD1C91A-3144-4BA1-91EB-BAE39C336290}"
EndProject
Global
	GlobalSection(SolutionConfigurationPlatforms) = preSolution
		Debug|Any CPU = Debug|Any CPU
		Release|Any CPU = Release|Any CPU
	EndGlobalSection
	GlobalSection(ProjectConfigurationPlatforms) = postSolution
		{4DD1C91A-3144-4BA1-91EB-BAE39C336290}.Debug|Any CPU.ActiveCfg = Debug|Any CPU
		{4DD1C91A-3144-4BA1-91EB-BAE39C336290}.Debug|Any CPU.Build.0 = Debug|Any CPU
		{4DD1C91A-3144-4BA1-91EB-BAE39C336290}.Release|Any CPU.ActiveCfg = Release|Any CPU
		{4DD1C91A-3144-4BA1-91EB-BAE39C336290}.Release|Any CPU.Build.0 = Release|Any CPU
	EndGlobalSection
	GlobalSection(SolutionProperties) = preSolution
		HideSolutionNode = FALSE
	EndGlobalSection
	GlobalSection(ExtensibilityGlobals) = postSolution
		SolutionGuid = {CE9A63AC-7832-44CF-85A4-15FDF120FAA0}
	EndGlobalSection
EndGlobal
