
Microsoft Visual Studio Solution File, Format Version 12.00
# Visual Studio Version 17
VisualStudioVersion = 17.8.34309.116
MinimumVisualStudioVersion = 10.0.40219.1
Project("{9A19103F-16F7-4668-BE54-9A1E7A4F7556}") = "UniversityCompetition", "UniversityCompetition.csproj", "{04DEDCC5-742C-4AE2-80A5-8DAE0493FE1B}"
EndProject
Global
	GlobalSection(SolutionConfigurationPlatforms) = preSolution
		Debug|Any CPU = Debug|Any CPU
		Release|Any CPU = Release|Any CPU
	EndGlobalSection
	GlobalSection(ProjectConfigurationPlatforms) = postSolution
		{04DEDCC5-742C-4AE2-80A5-8DAE0493FE1B}.Debug|Any CPU.ActiveCfg = Debug|Any CPU
		{04DEDCC5-742C-4AE2-80A5-8DAE0493FE1B}.Debug|Any CPU.Build.0 = Debug|Any CPU
		{04DEDCC5-742C-4AE2-80A5-8DAE0493FE1B}.Release|Any CPU.ActiveCfg = Release|Any CPU
		{04DEDCC5-742C-4AE2-80A5-8DAE0493FE1B}.Release|Any CPU.Build.0 = Release|Any CPU
	EndGlobalSection
	GlobalSection(SolutionProperties) = preSolution
		HideSolutionNode = FALSE
	EndGlobalSection
	GlobalSection(ExtensibilityGlobals) = postSolution
		SolutionGuid = {31E62F8F-132D-4D38-9E31-AD0C67D06468}
	EndGlobalSection
EndGlobal
